
Microsoft Visual Studio Solution File, Format Version 12.00
# Visual Studio Version 17
VisualStudioVersion = 17.6.33723.286
MinimumVisualStudioVersion = 10.0.40219.1
Project("{FAE04EC0-301F-11D3-BF4B-00C04F79EFBC}") = "PokemonReviewApp", "PokemonReviewApp\PokemonReviewApp.csproj", "{3B4A3960-27C7-45D7-B63D-626BC3C9EBB7}"
EndProject
Global
	GlobalSection(SolutionConfigurationPlatforms) = preSolution
		Debug|Any CPU = Debug|Any CPU
		Release|Any CPU = Release|Any CPU
	EndGlobalSection
	GlobalSection(ProjectConfigurationPlatforms) = postSolution
		{3B4A3960-27C7-45D7-B63D-626BC3C9EBB7}.Debug|Any CPU.ActiveCfg = Debug|Any CPU
		{3B4A3960-27C7-45D7-B63D-626BC3C9EBB7}.Debug|Any CPU.Build.0 = Debug|Any CPU
		{3B4A3960-27C7-45D7-B63D-626BC3C9EBB7}.Release|Any CPU.ActiveCfg = Release|Any CPU
		{3B4A3960-27C7-45D7-B63D-626BC3C9EBB7}.Release|Any CPU.Build.0 = Release|Any CPU
	EndGlobalSection
	GlobalSection(SolutionProperties) = preSolution
		HideSolutionNode = FALSE
	EndGlobalSection
	GlobalSection(ExtensibilityGlobals) = postSolution
		SolutionGuid = {C8583F86-683D-48DC-8804-F1E4880FD8A1}
	EndGlobalSection
EndGlobal
